{
  "requires": true,
  "lockfileVersion": 1,
  "dependencies": {
    "ng-audio-recorder": {
      "version": "0.0.5",
      "resolved": "https://registry.npmjs.org/ng-audio-recorder/-/ng-audio-recorder-0.0.5.tgz",
      "integrity": "sha512-f8yPfGzAmFBjfXH6GWwbuTMxcjV/C/MP4CFA898of7kRyXhypsdtaHIjWuE2/3SqS0AA41WW4tkFFKD1++IVSQ=="
    }
  }
}
